
Microsoft Visual Studio Solution File, Format Version 12.00
# Visual Studio Version 17
VisualStudioVersion = 17.2.32616.157
MinimumVisualStudioVersion = 10.0.40219.1
Project("{FAE04EC0-301F-11D3-BF4B-00C04F79EFBC}") = "FactoryPatternUsingBlazorServerApp", "FactoryPatternUsingBlazorServerApp.csproj", "{C744A803-16C0-47A6-948E-9622713F88C8}"
EndProject
Global
	GlobalSection(SolutionConfigurationPlatforms) = preSolution
		Debug|Any CPU = Debug|Any CPU
		Release|Any CPU = Release|Any CPU
	EndGlobalSection
	GlobalSection(ProjectConfigurationPlatforms) = postSolution
		{C744A803-16C0-47A6-948E-9622713F88C8}.Debug|Any CPU.ActiveCfg = Debug|Any CPU
		{C744A803-16C0-47A6-948E-9622713F88C8}.Debug|Any CPU.Build.0 = Debug|Any CPU
		{C744A803-16C0-47A6-948E-9622713F88C8}.Release|Any CPU.ActiveCfg = Release|Any CPU
		{C744A803-16C0-47A6-948E-9622713F88C8}.Release|Any CPU.Build.0 = Release|Any CPU
	EndGlobalSection
	GlobalSection(SolutionProperties) = preSolution
		HideSolutionNode = FALSE
	EndGlobalSection
	GlobalSection(ExtensibilityGlobals) = postSolution
		SolutionGuid = {1476C1A3-DA93-47D1-8CBE-D674F3F80060}
	EndGlobalSection
EndGlobal
